
Microsoft Visual Studio Solution File, Format Version 12.00
Project("{FAE04EC0-301F-11D3-BF4B-00C04F79EFBC}") = "TCGNoElectricBills", "TCGNoElectricBills\TCGNoElectricBills.csproj", "{F2617B31-8E9A-4383-89FE-B2E61757B4AD}"
EndProject
Global
	GlobalSection(SolutionConfigurationPlatforms) = preSolution
		Debug|Any CPU = Debug|Any CPU
		Release|Any CPU = Release|Any CPU
	EndGlobalSection
	GlobalSection(ProjectConfigurationPlatforms) = postSolution
		{F2617B31-8E9A-4383-89FE-B2E61757B4AD}.Debug|Any CPU.ActiveCfg = Debug|Any CPU
		{F2617B31-8E9A-4383-89FE-B2E61757B4AD}.Debug|Any CPU.Build.0 = Debug|Any CPU
		{F2617B31-8E9A-4383-89FE-B2E61757B4AD}.Release|Any CPU.ActiveCfg = Release|Any CPU
		{F2617B31-8E9A-4383-89FE-B2E61757B4AD}.Release|Any CPU.Build.0 = Release|Any CPU
	EndGlobalSection
EndGlobal
